
Microsoft Visual Studio Solution File, Format Version 12.00
# Visual Studio Version 16
VisualStudioVersion = 16.0.30503.244
MinimumVisualStudioVersion = 10.0.40219.1
Project("{FAE04EC0-301F-11D3-BF4B-00C04F79EFBC}") = "MegaDesk-TeamF", "MegaDesk-TeamF.csproj", "{0F547519-5651-4D82-9E7A-187E36208583}"
EndProject
Global
	GlobalSection(SolutionConfigurationPlatforms) = preSolution
		Debug|Any CPU = Debug|Any CPU
		Release|Any CPU = Release|Any CPU
	EndGlobalSection
	GlobalSection(ProjectConfigurationPlatforms) = postSolution
		{0F547519-5651-4D82-9E7A-187E36208583}.Debug|Any CPU.ActiveCfg = Debug|Any CPU
		{0F547519-5651-4D82-9E7A-187E36208583}.Debug|Any CPU.Build.0 = Debug|Any CPU
		{0F547519-5651-4D82-9E7A-187E36208583}.Release|Any CPU.ActiveCfg = Release|Any CPU
		{0F547519-5651-4D82-9E7A-187E36208583}.Release|Any CPU.Build.0 = Release|Any CPU
	EndGlobalSection
	GlobalSection(SolutionProperties) = preSolution
		HideSolutionNode = FALSE
	EndGlobalSection
	GlobalSection(ExtensibilityGlobals) = postSolution
		SolutionGuid = {5B7C520C-66C4-47A7-B03C-70C6B67E062B}
	EndGlobalSection
EndGlobal
